
Microsoft Visual Studio Solution File, Format Version 12.00
# Visual Studio Version 17
VisualStudioVersion = 17.14.36429.23
MinimumVisualStudioVersion = 10.0.40219.1
Project("{FAE04EC0-301F-11D3-BF4B-00C04F79EFBC}") = "RubberDuck", "RubberDuck\RubberDuck.csproj", "{09DCA33C-9403-4036-893D-7D3C8093B009}"
EndProject
Global
	GlobalSection(SolutionConfigurationPlatforms) = preSolution
		Debug|Any CPU = Debug|Any CPU
		Release|Any CPU = Release|Any CPU
	EndGlobalSection
	GlobalSection(ProjectConfigurationPlatforms) = postSolution
		{09DCA33C-9403-4036-893D-7D3C8093B009}.Debug|Any CPU.ActiveCfg = Debug|Any CPU
		{09DCA33C-9403-4036-893D-7D3C8093B009}.Debug|Any CPU.Build.0 = Debug|Any CPU
		{09DCA33C-9403-4036-893D-7D3C8093B009}.Release|Any CPU.ActiveCfg = Release|Any CPU
		{09DCA33C-9403-4036-893D-7D3C8093B009}.Release|Any CPU.Build.0 = Release|Any CPU
	EndGlobalSection
	GlobalSection(SolutionProperties) = preSolution
		HideSolutionNode = FALSE
	EndGlobalSection
	GlobalSection(ExtensibilityGlobals) = postSolution
		SolutionGuid = {14469350-02F5-43A5-8D01-FFC16ED1ECA0}
	EndGlobalSection
EndGlobal
